
Microsoft Visual Studio Solution File, Format Version 12.00
# Visual Studio Version 17
VisualStudioVersion = 17.4.33110.190
MinimumVisualStudioVersion = 10.0.40219.1
Project("{FAE04EC0-301F-11D3-BF4B-00C04F79EFBC}") = "StolenCarPTBackend", "StolenCarPTBackend\StolenCarPTBackend.csproj", "{17FD90EE-59A6-421E-BDDF-C21F896F4C0B}"
EndProject
Global
	GlobalSection(SolutionConfigurationPlatforms) = preSolution
		Debug|Any CPU = Debug|Any CPU
		Release|Any CPU = Release|Any CPU
	EndGlobalSection
	GlobalSection(ProjectConfigurationPlatforms) = postSolution
		{17FD90EE-59A6-421E-BDDF-C21F896F4C0B}.Debug|Any CPU.ActiveCfg = Debug|Any CPU
		{17FD90EE-59A6-421E-BDDF-C21F896F4C0B}.Debug|Any CPU.Build.0 = Debug|Any CPU
		{17FD90EE-59A6-421E-BDDF-C21F896F4C0B}.Release|Any CPU.ActiveCfg = Release|Any CPU
		{17FD90EE-59A6-421E-BDDF-C21F896F4C0B}.Release|Any CPU.Build.0 = Release|Any CPU
	EndGlobalSection
	GlobalSection(SolutionProperties) = preSolution
		HideSolutionNode = FALSE
	EndGlobalSection
	GlobalSection(ExtensibilityGlobals) = postSolution
		SolutionGuid = {E73CB397-B8C3-43AD-962B-22B9394A151B}
	EndGlobalSection
EndGlobal
